
Microsoft Visual Studio Solution File, Format Version 12.00
# Visual Studio 15
VisualStudioVersion = 15.0.28307.489
MinimumVisualStudioVersion = 10.0.40219.1
Project("{9A19103F-16F7-4668-BE54-9A1E7A4F7556}") = "ATM", "ATM\ATM.csproj", "{F3B16A0D-B765-431F-86E0-46D3F1CC47E7}"
EndProject
Project("{FAE04EC0-301F-11D3-BF4B-00C04F79EFBC}") = "ATM-Tests", "ATM-Tests\ATM-Tests.csproj", "{471CA8D1-0B97-4451-82DD-4F7C37CCE3B0}"
EndProject
Global
	GlobalSection(SolutionConfigurationPlatforms) = preSolution
		Debug|Any CPU = Debug|Any CPU
		Release|Any CPU = Release|Any CPU
	EndGlobalSection
	GlobalSection(ProjectConfigurationPlatforms) = postSolution
		{F3B16A0D-B765-431F-86E0-46D3F1CC47E7}.Debug|Any CPU.ActiveCfg = Debug|Any CPU
		{F3B16A0D-B765-431F-86E0-46D3F1CC47E7}.Debug|Any CPU.Build.0 = Debug|Any CPU
		{F3B16A0D-B765-431F-86E0-46D3F1CC47E7}.Release|Any CPU.ActiveCfg = Release|Any CPU
		{F3B16A0D-B765-431F-86E0-46D3F1CC47E7}.Release|Any CPU.Build.0 = Release|Any CPU
		{471CA8D1-0B97-4451-82DD-4F7C37CCE3B0}.Debug|Any CPU.ActiveCfg = Debug|Any CPU
		{471CA8D1-0B97-4451-82DD-4F7C37CCE3B0}.Debug|Any CPU.Build.0 = Debug|Any CPU
		{471CA8D1-0B97-4451-82DD-4F7C37CCE3B0}.Release|Any CPU.ActiveCfg = Release|Any CPU
		{471CA8D1-0B97-4451-82DD-4F7C37CCE3B0}.Release|Any CPU.Build.0 = Release|Any CPU
	EndGlobalSection
	GlobalSection(SolutionProperties) = preSolution
		HideSolutionNode = FALSE
	EndGlobalSection
	GlobalSection(ExtensibilityGlobals) = postSolution
		SolutionGuid = {B98A4AEB-0F4A-4402-B3A5-E4D7B8099D21}
	EndGlobalSection
EndGlobal
